
Microsoft Visual Studio Solution File, Format Version 12.00
# Visual Studio Version 16
VisualStudioVersion = 16.0.29613.14
MinimumVisualStudioVersion = 10.0.40219.1
Project("{FAE04EC0-301F-11D3-BF4B-00C04F79EFBC}") = "FedericoRaffoni", "FedericoRaffoni\FedericoRaffoni.csproj", "{3D2C64E8-3EF4-4E07-ADB2-B816357658F4}"
EndProject
Global
	GlobalSection(SolutionConfigurationPlatforms) = preSolution
		Debug|Any CPU = Debug|Any CPU
		Release|Any CPU = Release|Any CPU
	EndGlobalSection
	GlobalSection(ProjectConfigurationPlatforms) = postSolution
		{3D2C64E8-3EF4-4E07-ADB2-B816357658F4}.Debug|Any CPU.ActiveCfg = Debug|Any CPU
		{3D2C64E8-3EF4-4E07-ADB2-B816357658F4}.Debug|Any CPU.Build.0 = Debug|Any CPU
		{3D2C64E8-3EF4-4E07-ADB2-B816357658F4}.Release|Any CPU.ActiveCfg = Release|Any CPU
		{3D2C64E8-3EF4-4E07-ADB2-B816357658F4}.Release|Any CPU.Build.0 = Release|Any CPU
	EndGlobalSection
	GlobalSection(SolutionProperties) = preSolution
		HideSolutionNode = FALSE
	EndGlobalSection
	GlobalSection(ExtensibilityGlobals) = postSolution
		SolutionGuid = {1D203600-CFC0-41C1-946A-F1EE8516F80E}
	EndGlobalSection
EndGlobal
